
Microsoft Visual Studio Solution File, Format Version 11.00
# Visual Studio 2010
Project("{F184B08F-C81C-45F6-A57F-5ABD9991F28F}") = "Alamdar Challan Management System", "Alamdar Challan Management System\Alamdar Challan Management System.vbproj", "{A8546D59-E832-4DC2-821A-AB59A8C102A9}"
EndProject
Global
	GlobalSection(SolutionConfigurationPlatforms) = preSolution
		Debug|x86 = Debug|x86
		Release|x86 = Release|x86
	EndGlobalSection
	GlobalSection(ProjectConfigurationPlatforms) = postSolution
		{A8546D59-E832-4DC2-821A-AB59A8C102A9}.Debug|x86.ActiveCfg = Debug|x86
		{A8546D59-E832-4DC2-821A-AB59A8C102A9}.Debug|x86.Build.0 = Debug|x86
		{A8546D59-E832-4DC2-821A-AB59A8C102A9}.Release|x86.ActiveCfg = Release|x86
		{A8546D59-E832-4DC2-821A-AB59A8C102A9}.Release|x86.Build.0 = Release|x86
	EndGlobalSection
	GlobalSection(SolutionProperties) = preSolution
		HideSolutionNode = FALSE
	EndGlobalSection
EndGlobal
